
Microsoft Visual Studio Solution File, Format Version 12.00
# Visual Studio Version 16
VisualStudioVersion = 16.0.30711.63
MinimumVisualStudioVersion = 10.0.40219.1
Project("{FAE04EC0-301F-11D3-BF4B-00C04F79EFBC}") = "exo4", "exo4\exo4.csproj", "{D8B0E3BB-BC7A-42FD-A6C0-D6E80E7495CF}"
EndProject
Global
	GlobalSection(SolutionConfigurationPlatforms) = preSolution
		Debug|Any CPU = Debug|Any CPU
		Release|Any CPU = Release|Any CPU
	EndGlobalSection
	GlobalSection(ProjectConfigurationPlatforms) = postSolution
		{D8B0E3BB-BC7A-42FD-A6C0-D6E80E7495CF}.Debug|Any CPU.ActiveCfg = Debug|Any CPU
		{D8B0E3BB-BC7A-42FD-A6C0-D6E80E7495CF}.Debug|Any CPU.Build.0 = Debug|Any CPU
		{D8B0E3BB-BC7A-42FD-A6C0-D6E80E7495CF}.Release|Any CPU.ActiveCfg = Release|Any CPU
		{D8B0E3BB-BC7A-42FD-A6C0-D6E80E7495CF}.Release|Any CPU.Build.0 = Release|Any CPU
	EndGlobalSection
	GlobalSection(SolutionProperties) = preSolution
		HideSolutionNode = FALSE
	EndGlobalSection
	GlobalSection(ExtensibilityGlobals) = postSolution
		SolutionGuid = {AB730DAA-334B-43A8-8CFB-71A3D5E7941A}
	EndGlobalSection
EndGlobal
